
Microsoft Visual Studio Solution File, Format Version 12.00
# Visual Studio Version 16
VisualStudioVersion = 16.0.32106.194
MinimumVisualStudioVersion = 10.0.40219.1
Project("{FAE04EC0-301F-11D3-BF4B-00C04F79EFBC}") = "SearchFilter", "SearchFilter\SearchFilter.csproj", "{249F5487-9B06-4788-9429-9FE829E68F33}"
EndProject
Global
	GlobalSection(SolutionConfigurationPlatforms) = preSolution
		Debug|Any CPU = Debug|Any CPU
		Release|Any CPU = Release|Any CPU
	EndGlobalSection
	GlobalSection(ProjectConfigurationPlatforms) = postSolution
		{249F5487-9B06-4788-9429-9FE829E68F33}.Debug|Any CPU.ActiveCfg = Debug|Any CPU
		{249F5487-9B06-4788-9429-9FE829E68F33}.Debug|Any CPU.Build.0 = Debug|Any CPU
		{249F5487-9B06-4788-9429-9FE829E68F33}.Release|Any CPU.ActiveCfg = Release|Any CPU
		{249F5487-9B06-4788-9429-9FE829E68F33}.Release|Any CPU.Build.0 = Release|Any CPU
	EndGlobalSection
	GlobalSection(SolutionProperties) = preSolution
		HideSolutionNode = FALSE
	EndGlobalSection
	GlobalSection(ExtensibilityGlobals) = postSolution
		SolutionGuid = {DB8FB187-BE86-4916-93CF-D84C066DAAB8}
	EndGlobalSection
EndGlobal
